
Microsoft Visual Studio Solution File, Format Version 12.00
# Visual Studio Version 17
VisualStudioVersion = 17.10.34916.146
MinimumVisualStudioVersion = 10.0.40219.1
Project("{FAE04EC0-301F-11D3-BF4B-00C04F79EFBC}") = "CommonDefectsExample", "CommonDefectsExample\CommonDefectsExample.csproj", "{05A61B28-3188-46B1-955F-D0A5DE2FC40C}"
EndProject
Global
	GlobalSection(SolutionConfigurationPlatforms) = preSolution
		Debug|Any CPU = Debug|Any CPU
		Release|Any CPU = Release|Any CPU
	EndGlobalSection
	GlobalSection(ProjectConfigurationPlatforms) = postSolution
		{05A61B28-3188-46B1-955F-D0A5DE2FC40C}.Debug|Any CPU.ActiveCfg = Debug|Any CPU
		{05A61B28-3188-46B1-955F-D0A5DE2FC40C}.Debug|Any CPU.Build.0 = Debug|Any CPU
		{05A61B28-3188-46B1-955F-D0A5DE2FC40C}.Release|Any CPU.ActiveCfg = Release|Any CPU
		{05A61B28-3188-46B1-955F-D0A5DE2FC40C}.Release|Any CPU.Build.0 = Release|Any CPU
	EndGlobalSection
	GlobalSection(SolutionProperties) = preSolution
		HideSolutionNode = FALSE
	EndGlobalSection
	GlobalSection(ExtensibilityGlobals) = postSolution
		SolutionGuid = {446AD98A-EB3D-455B-B344-4A7780675C25}
	EndGlobalSection
EndGlobal
